
Microsoft Visual Studio Solution File, Format Version 12.00
# Visual Studio Version 17
VisualStudioVersion = 17.8.34408.163
MinimumVisualStudioVersion = 10.0.40219.1
Project("{FAE04EC0-301F-11D3-BF4B-00C04F79EFBC}") = "Mission2Part2", "Mission2Part2.csproj", "{3B745B50-A933-4944-BE1A-111C5CF7E559}"
EndProject
Global
	GlobalSection(SolutionConfigurationPlatforms) = preSolution
		Debug|Any CPU = Debug|Any CPU
		Release|Any CPU = Release|Any CPU
	EndGlobalSection
	GlobalSection(ProjectConfigurationPlatforms) = postSolution
		{3B745B50-A933-4944-BE1A-111C5CF7E559}.Debug|Any CPU.ActiveCfg = Debug|Any CPU
		{3B745B50-A933-4944-BE1A-111C5CF7E559}.Debug|Any CPU.Build.0 = Debug|Any CPU
		{3B745B50-A933-4944-BE1A-111C5CF7E559}.Release|Any CPU.ActiveCfg = Release|Any CPU
		{3B745B50-A933-4944-BE1A-111C5CF7E559}.Release|Any CPU.Build.0 = Release|Any CPU
	EndGlobalSection
	GlobalSection(SolutionProperties) = preSolution
		HideSolutionNode = FALSE
	EndGlobalSection
	GlobalSection(ExtensibilityGlobals) = postSolution
		SolutionGuid = {BE127719-208A-421A-B885-BD605D5422F5}
	EndGlobalSection
EndGlobal
